
Microsoft Visual Studio Solution File, Format Version 12.00
# Visual Studio Version 17
VisualStudioVersion = 17.6.33829.357
MinimumVisualStudioVersion = 10.0.40219.1
Project("{FAE04EC0-301F-11D3-BF4B-00C04F79EFBC}") = "RecognizeThis", "RecognizeThis.csproj", "{17166D85-96FF-4A34-A654-006A66E109AB}"
EndProject
Global
	GlobalSection(SolutionConfigurationPlatforms) = preSolution
		Debug|Any CPU = Debug|Any CPU
		Release|Any CPU = Release|Any CPU
	EndGlobalSection
	GlobalSection(ProjectConfigurationPlatforms) = postSolution
		{17166D85-96FF-4A34-A654-006A66E109AB}.Debug|Any CPU.ActiveCfg = Debug|Any CPU
		{17166D85-96FF-4A34-A654-006A66E109AB}.Debug|Any CPU.Build.0 = Debug|Any CPU
		{17166D85-96FF-4A34-A654-006A66E109AB}.Release|Any CPU.ActiveCfg = Release|Any CPU
		{17166D85-96FF-4A34-A654-006A66E109AB}.Release|Any CPU.Build.0 = Release|Any CPU
	EndGlobalSection
	GlobalSection(SolutionProperties) = preSolution
		HideSolutionNode = FALSE
	EndGlobalSection
	GlobalSection(ExtensibilityGlobals) = postSolution
		SolutionGuid = {B33A1EA5-700A-43CB-B546-5407A4431613}
	EndGlobalSection
EndGlobal
